
Microsoft Visual Studio Solution File, Format Version 12.00
# Visual Studio Version 17
VisualStudioVersion = 17.11.35219.272
MinimumVisualStudioVersion = 10.0.40219.1
Project("{FAE04EC0-301F-11D3-BF4B-00C04F79EFBC}") = "VirtualGyro", "VirtualGyro\VirtualGyro.csproj", "{FC423CAE-ABBE-4972-A7D2-DFC0823D5B7B}"
EndProject
Global
	GlobalSection(SolutionConfigurationPlatforms) = preSolution
		Debug|Any CPU = Debug|Any CPU
		Release|Any CPU = Release|Any CPU
	EndGlobalSection
	GlobalSection(ProjectConfigurationPlatforms) = postSolution
		{FC423CAE-ABBE-4972-A7D2-DFC0823D5B7B}.Debug|Any CPU.ActiveCfg = Debug|Any CPU
		{FC423CAE-ABBE-4972-A7D2-DFC0823D5B7B}.Debug|Any CPU.Build.0 = Debug|Any CPU
		{FC423CAE-ABBE-4972-A7D2-DFC0823D5B7B}.Release|Any CPU.ActiveCfg = Release|Any CPU
		{FC423CAE-ABBE-4972-A7D2-DFC0823D5B7B}.Release|Any CPU.Build.0 = Release|Any CPU
	EndGlobalSection
	GlobalSection(SolutionProperties) = preSolution
		HideSolutionNode = FALSE
	EndGlobalSection
	GlobalSection(ExtensibilityGlobals) = postSolution
		SolutionGuid = {29509BD3-B0FA-4FA2-877C-8AF878A1B8EC}
	EndGlobalSection
EndGlobal
